
Microsoft Visual Studio Solution File, Format Version 12.00
# Visual Studio Version 16
VisualStudioVersion = 16.0.29911.84
MinimumVisualStudioVersion = 10.0.40219.1
Project("{FAE04EC0-301F-11D3-BF4B-00C04F79EFBC}") = "TravisBot", "TravisBot.csproj", "{E386F3B0-58AE-4565-923B-A72A6AEEC432}"
EndProject
Global
	GlobalSection(SolutionConfigurationPlatforms) = preSolution
		Debug|Any CPU = Debug|Any CPU
		Release|Any CPU = Release|Any CPU
	EndGlobalSection
	GlobalSection(ProjectConfigurationPlatforms) = postSolution
		{E386F3B0-58AE-4565-923B-A72A6AEEC432}.Debug|Any CPU.ActiveCfg = Debug|Any CPU
		{E386F3B0-58AE-4565-923B-A72A6AEEC432}.Debug|Any CPU.Build.0 = Debug|Any CPU
		{E386F3B0-58AE-4565-923B-A72A6AEEC432}.Release|Any CPU.ActiveCfg = Release|Any CPU
		{E386F3B0-58AE-4565-923B-A72A6AEEC432}.Release|Any CPU.Build.0 = Release|Any CPU
	EndGlobalSection
	GlobalSection(SolutionProperties) = preSolution
		HideSolutionNode = FALSE
	EndGlobalSection
	GlobalSection(ExtensibilityGlobals) = postSolution
		SolutionGuid = {1087EDEF-ACC2-4910-AF52-D3D15FEC1201}
	EndGlobalSection
EndGlobal
